
Microsoft Visual Studio Solution File, Format Version 12.00
# Visual Studio Version 17
VisualStudioVersion = 17.1.32328.378
MinimumVisualStudioVersion = 10.0.40219.1
Project("{9A19103F-16F7-4668-BE54-9A1E7A4F7556}") = "BulkyBookWeb", "BulkyBookWeb\BulkyBookWeb.csproj", "{11C939F8-8108-43A1-96E9-C34E41193CB5}"
EndProject
Project("{9A19103F-16F7-4668-BE54-9A1E7A4F7556}") = "BulkyBook.DataAccess", "BulkyBook.DataAccess\BulkyBook.DataAccess.csproj", "{25E1D02A-1569-408D-9B29-68512006BA34}"
EndProject
Project("{FAE04EC0-301F-11D3-BF4B-00C04F79EFBC}") = "BulkyBook.Models", "BulkyBook.Models\BulkyBook.Models.csproj", "{2EB3B562-020A-474A-B568-AAB6242D13D9}"
EndProject
Project("{FAE04EC0-301F-11D3-BF4B-00C04F79EFBC}") = "BulkyBook.Utility", "BulkyBook.Utility\BulkyBook.Utility.csproj", "{73BA7ADD-53D0-418A-A3F6-38DB7483ECC3}"
EndProject
Global
	GlobalSection(SolutionConfigurationPlatforms) = preSolution
		Debug|Any CPU = Debug|Any CPU
		Release|Any CPU = Release|Any CPU
	EndGlobalSection
	GlobalSection(ProjectConfigurationPlatforms) = postSolution
		{11C939F8-8108-43A1-96E9-C34E41193CB5}.Debug|Any CPU.ActiveCfg = Debug|Any CPU
		{11C939F8-8108-43A1-96E9-C34E41193CB5}.Debug|Any CPU.Build.0 = Debug|Any CPU
		{11C939F8-8108-43A1-96E9-C34E41193CB5}.Release|Any CPU.ActiveCfg = Release|Any CPU
		{11C939F8-8108-43A1-96E9-C34E41193CB5}.Release|Any CPU.Build.0 = Release|Any CPU
		{25E1D02A-1569-408D-9B29-68512006BA34}.Debug|Any CPU.ActiveCfg = Debug|Any CPU
		{25E1D02A-1569-408D-9B29-68512006BA34}.Debug|Any CPU.Build.0 = Debug|Any CPU
		{25E1D02A-1569-408D-9B29-68512006BA34}.Release|Any CPU.ActiveCfg = Release|Any CPU
		{25E1D02A-1569-408D-9B29-68512006BA34}.Release|Any CPU.Build.0 = Release|Any CPU
		{2EB3B562-020A-474A-B568-AAB6242D13D9}.Debug|Any CPU.ActiveCfg = Debug|Any CPU
		{2EB3B562-020A-474A-B568-AAB6242D13D9}.Debug|Any CPU.Build.0 = Debug|Any CPU
		{2EB3B562-020A-474A-B568-AAB6242D13D9}.Release|Any CPU.ActiveCfg = Release|Any CPU
		{2EB3B562-020A-474A-B568-AAB6242D13D9}.Release|Any CPU.Build.0 = Release|Any CPU
		{73BA7ADD-53D0-418A-A3F6-38DB7483ECC3}.Debug|Any CPU.ActiveCfg = Debug|Any CPU
		{73BA7ADD-53D0-418A-A3F6-38DB7483ECC3}.Debug|Any CPU.Build.0 = Debug|Any CPU
		{73BA7ADD-53D0-418A-A3F6-38DB7483ECC3}.Release|Any CPU.ActiveCfg = Release|Any CPU
		{73BA7ADD-53D0-418A-A3F6-38DB7483ECC3}.Release|Any CPU.Build.0 = Release|Any CPU
	EndGlobalSection
	GlobalSection(SolutionProperties) = preSolution
		HideSolutionNode = FALSE
	EndGlobalSection
	GlobalSection(ExtensibilityGlobals) = postSolution
		SolutionGuid = {9287EEFD-9FEB-46DF-804D-C1C654B11A7B}
	EndGlobalSection
EndGlobal
